
Microsoft Visual Studio Solution File, Format Version 12.00
# Visual Studio Version 17
VisualStudioVersion = 17.9.34902.65
MinimumVisualStudioVersion = 10.0.40219.1
Project("{FAE04EC0-301F-11D3-BF4B-00C04F79EFBC}") = "Grapher", "Grapher\Grapher.csproj", "{4BB8BCDC-A98C-45BF-80F0-04801DABB7D7}"
EndProject
Project("{FAE04EC0-301F-11D3-BF4B-00C04F79EFBC}") = "Grapher.Demo", "Grapher.Demo\Grapher.Demo.csproj", "{CC9C9128-1899-46DA-B156-B8A61AFA053F}"
EndProject
Project("{2150E333-8FDC-42A3-9474-1A3956D46DE8}") = "Solution Items", "Solution Items", "{8A018384-4912-455B-8A3B-9FAE7CC7B81B}"
	ProjectSection(SolutionItems) = preProject
		Directory.Build.props = Directory.Build.props
	EndProjectSection
EndProject
Global
	GlobalSection(SolutionConfigurationPlatforms) = preSolution
		Debug|Any CPU = Debug|Any CPU
		Release|Any CPU = Release|Any CPU
	EndGlobalSection
	GlobalSection(ProjectConfigurationPlatforms) = postSolution
		{4BB8BCDC-A98C-45BF-80F0-04801DABB7D7}.Debug|Any CPU.ActiveCfg = Debug|Any CPU
		{4BB8BCDC-A98C-45BF-80F0-04801DABB7D7}.Debug|Any CPU.Build.0 = Debug|Any CPU
		{4BB8BCDC-A98C-45BF-80F0-04801DABB7D7}.Release|Any CPU.ActiveCfg = Release|Any CPU
		{4BB8BCDC-A98C-45BF-80F0-04801DABB7D7}.Release|Any CPU.Build.0 = Release|Any CPU
		{CC9C9128-1899-46DA-B156-B8A61AFA053F}.Debug|Any CPU.ActiveCfg = Debug|Any CPU
		{CC9C9128-1899-46DA-B156-B8A61AFA053F}.Debug|Any CPU.Build.0 = Debug|Any CPU
		{CC9C9128-1899-46DA-B156-B8A61AFA053F}.Release|Any CPU.ActiveCfg = Release|Any CPU
		{CC9C9128-1899-46DA-B156-B8A61AFA053F}.Release|Any CPU.Build.0 = Release|Any CPU
	EndGlobalSection
	GlobalSection(SolutionProperties) = preSolution
		HideSolutionNode = FALSE
	EndGlobalSection
	GlobalSection(ExtensibilityGlobals) = postSolution
		SolutionGuid = {D9D76A92-3458-4F43-AFFC-2167719095BA}
	EndGlobalSection
EndGlobal
